
Microsoft Visual Studio Solution File, Format Version 12.00
# Visual Studio 15
VisualStudioVersion = 15.0.28307.779
MinimumVisualStudioVersion = 10.0.40219.1
Project("{FAE04EC0-301F-11D3-BF4B-00C04F79EFBC}") = "OOP start opgaver", "OOP start opgaver\OOP start opgaver.csproj", "{1372A3D1-B174-41E3-A587-13F2CDA8DA92}"
EndProject
Global
	GlobalSection(SolutionConfigurationPlatforms) = preSolution
		Debug|Any CPU = Debug|Any CPU
		Release|Any CPU = Release|Any CPU
	EndGlobalSection
	GlobalSection(ProjectConfigurationPlatforms) = postSolution
		{1372A3D1-B174-41E3-A587-13F2CDA8DA92}.Debug|Any CPU.ActiveCfg = Debug|Any CPU
		{1372A3D1-B174-41E3-A587-13F2CDA8DA92}.Debug|Any CPU.Build.0 = Debug|Any CPU
		{1372A3D1-B174-41E3-A587-13F2CDA8DA92}.Release|Any CPU.ActiveCfg = Release|Any CPU
		{1372A3D1-B174-41E3-A587-13F2CDA8DA92}.Release|Any CPU.Build.0 = Release|Any CPU
	EndGlobalSection
	GlobalSection(SolutionProperties) = preSolution
		HideSolutionNode = FALSE
	EndGlobalSection
	GlobalSection(ExtensibilityGlobals) = postSolution
		SolutionGuid = {4BDF1EAF-703C-4197-A630-F6CBC451C69C}
	EndGlobalSection
EndGlobal
