
Microsoft Visual Studio Solution File, Format Version 12.00
# Visual Studio 15
VisualStudioVersion = 15.0.28307.779
MinimumVisualStudioVersion = 10.0.40219.1
Project("{FAE04EC0-301F-11D3-BF4B-00C04F79EFBC}") = "Arv", "Arv\Arv.csproj", "{4122DA84-F44E-4656-A9F0-0D6CC5812263}"
EndProject
Global
	GlobalSection(SolutionConfigurationPlatforms) = preSolution
		Debug|Any CPU = Debug|Any CPU
		Release|Any CPU = Release|Any CPU
	EndGlobalSection
	GlobalSection(ProjectConfigurationPlatforms) = postSolution
		{4122DA84-F44E-4656-A9F0-0D6CC5812263}.Debug|Any CPU.ActiveCfg = Debug|Any CPU
		{4122DA84-F44E-4656-A9F0-0D6CC5812263}.Debug|Any CPU.Build.0 = Debug|Any CPU
		{4122DA84-F44E-4656-A9F0-0D6CC5812263}.Release|Any CPU.ActiveCfg = Release|Any CPU
		{4122DA84-F44E-4656-A9F0-0D6CC5812263}.Release|Any CPU.Build.0 = Release|Any CPU
	EndGlobalSection
	GlobalSection(SolutionProperties) = preSolution
		HideSolutionNode = FALSE
	EndGlobalSection
	GlobalSection(ExtensibilityGlobals) = postSolution
		SolutionGuid = {FC8D6FFF-9BDF-4873-84F4-1AA88A3BCD91}
	EndGlobalSection
EndGlobal
