
Microsoft Visual Studio Solution File, Format Version 12.00
# Visual Studio 15
VisualStudioVersion = 15.0.28307.779
MinimumVisualStudioVersion = 10.0.40219.1
Project("{FAE04EC0-301F-11D3-BF4B-00C04F79EFBC}") = "Arv Opgave", "Arv Opgave\Arv Opgave.csproj", "{FA3EBE43-81EF-4AB5-B699-5AFBBCD43BCC}"
EndProject
Global
	GlobalSection(SolutionConfigurationPlatforms) = preSolution
		Debug|Any CPU = Debug|Any CPU
		Release|Any CPU = Release|Any CPU
	EndGlobalSection
	GlobalSection(ProjectConfigurationPlatforms) = postSolution
		{FA3EBE43-81EF-4AB5-B699-5AFBBCD43BCC}.Debug|Any CPU.ActiveCfg = Debug|Any CPU
		{FA3EBE43-81EF-4AB5-B699-5AFBBCD43BCC}.Debug|Any CPU.Build.0 = Debug|Any CPU
		{FA3EBE43-81EF-4AB5-B699-5AFBBCD43BCC}.Release|Any CPU.ActiveCfg = Release|Any CPU
		{FA3EBE43-81EF-4AB5-B699-5AFBBCD43BCC}.Release|Any CPU.Build.0 = Release|Any CPU
	EndGlobalSection
	GlobalSection(SolutionProperties) = preSolution
		HideSolutionNode = FALSE
	EndGlobalSection
	GlobalSection(ExtensibilityGlobals) = postSolution
		SolutionGuid = {709DF261-E3CB-4653-8F32-8614C409DB7A}
	EndGlobalSection
EndGlobal
