
Microsoft Visual Studio Solution File, Format Version 12.00
# Visual Studio 15
VisualStudioVersion = 15.0.28307.779
MinimumVisualStudioVersion = 10.0.40219.1
Project("{FAE04EC0-301F-11D3-BF4B-00C04F79EFBC}") = "OOPKlasse", "OOPKlasse\OOPKlasse.csproj", "{73330107-18C1-45FC-88CB-3303640B5B6F}"
EndProject
Global
	GlobalSection(SolutionConfigurationPlatforms) = preSolution
		Debug|Any CPU = Debug|Any CPU
		Release|Any CPU = Release|Any CPU
	EndGlobalSection
	GlobalSection(ProjectConfigurationPlatforms) = postSolution
		{73330107-18C1-45FC-88CB-3303640B5B6F}.Debug|Any CPU.ActiveCfg = Debug|Any CPU
		{73330107-18C1-45FC-88CB-3303640B5B6F}.Debug|Any CPU.Build.0 = Debug|Any CPU
		{73330107-18C1-45FC-88CB-3303640B5B6F}.Release|Any CPU.ActiveCfg = Release|Any CPU
		{73330107-18C1-45FC-88CB-3303640B5B6F}.Release|Any CPU.Build.0 = Release|Any CPU
	EndGlobalSection
	GlobalSection(SolutionProperties) = preSolution
		HideSolutionNode = FALSE
	EndGlobalSection
	GlobalSection(ExtensibilityGlobals) = postSolution
		SolutionGuid = {9F478D54-A5CA-44E7-9109-468ADA7B61A5}
	EndGlobalSection
EndGlobal
